
Microsoft Visual Studio Solution File, Format Version 12.00
# Visual Studio 15
VisualStudioVersion = 15.0.27130.2010
MinimumVisualStudioVersion = 10.0.40219.1
Project("{FAE04EC0-301F-11D3-BF4B-00C04F79EFBC}") = "LinkHandler", "LinkHandler\LinkHandler.csproj", "{CBD3C413-86DC-4A30-B1C7-66CAF9EAAEDA}"
EndProject
Global
	GlobalSection(SolutionConfigurationPlatforms) = preSolution
		Debug|Any CPU = Debug|Any CPU
		Release|Any CPU = Release|Any CPU
	EndGlobalSection
	GlobalSection(ProjectConfigurationPlatforms) = postSolution
		{CBD3C413-86DC-4A30-B1C7-66CAF9EAAEDA}.Debug|Any CPU.ActiveCfg = Debug|Any CPU
		{CBD3C413-86DC-4A30-B1C7-66CAF9EAAEDA}.Debug|Any CPU.Build.0 = Debug|Any CPU
		{CBD3C413-86DC-4A30-B1C7-66CAF9EAAEDA}.Release|Any CPU.ActiveCfg = Release|Any CPU
		{CBD3C413-86DC-4A30-B1C7-66CAF9EAAEDA}.Release|Any CPU.Build.0 = Release|Any CPU
	EndGlobalSection
	GlobalSection(SolutionProperties) = preSolution
		HideSolutionNode = FALSE
	EndGlobalSection
	GlobalSection(ExtensibilityGlobals) = postSolution
		SolutionGuid = {DCBCFE4A-898D-4D79-848C-2B7CA5B1A8EF}
	EndGlobalSection
EndGlobal
